Microsoft Visual Studio Solution File, Format Version 12.00
# Visual Studio Version 17
VisualStudioVersion = 17.5.2.0
MinimumVisualStudioVersion = 10.0.40219.1
Project("{FAE04EC0-301F-11D3-BF4B-00C04F79EFBC}") = "SwiftDashboard", "backend\SwiftDashboard.csproj", "{389AC398-849B-77E1-A979-D07FA584B6A5}"
EndProject
Project("{FAE04EC0-301F-11D3-BF4B-00C04F79EFBC}") = "SwiftDashboard.Tests", "backend\Tests\SwiftDashboard.Tests.csproj", "{8B9C0F2E-4D3A-4E8B-9F1A-2C5D6E7F8A9B}"
EndProject
Global
	GlobalSection(SolutionConfigurationPlatforms) = preSolution
		Debug|Any CPU = Debug|Any CPU
		Release|Any CPU = Release|Any CPU
	EndGlobalSection
	GlobalSection(ProjectConfigurationPlatforms) = postSolution
		{389AC398-849B-77E1-A979-D07FA584B6A5}.Debug|Any CPU.ActiveCfg = Debug|Any CPU
		{389AC398-849B-77E1-A979-D07FA584B6A5}.Debug|Any CPU.Build.0 = Debug|Any CPU
		{389AC398-849B-77E1-A979-D07FA584B6A5}.Release|Any CPU.ActiveCfg = Release|Any CPU
		{389AC398-849B-77E1-A979-D07FA584B6A5}.Release|Any CPU.Build.0 = Release|Any CPU
		{8B9C0F2E-4D3A-4E8B-9F1A-2C5D6E7F8A9B}.Debug|Any CPU.ActiveCfg = Debug|Any CPU
		{8B9C0F2E-4D3A-4E8B-9F1A-2C5D6E7F8A9B}.Debug|Any CPU.Build.0 = Debug|Any CPU
		{8B9C0F2E-4D3A-4E8B-9F1A-2C5D6E7F8A9B}.Release|Any CPU.ActiveCfg = Release|Any CPU
		{8B9C0F2E-4D3A-4E8B-9F1A-2C5D6E7F8A9B}.Release|Any CPU.Build.0 = Release|Any CPU
	EndGlobalSection
	GlobalSection(SolutionProperties) = preSolution
		HideSolutionNode = FALSE
	EndGlobalSection
	GlobalSection(ExtensibilityGlobals) = postSolution
		SolutionGuid = {428C2068-096C-4AD4-8938-D30BFC882E65}
	EndGlobalSection
EndGlobal
